
Microsoft Visual Studio Solution File, Format Version 12.00
# Visual Studio Version 16
VisualStudioVersion = 16.0.29806.167
MinimumVisualStudioVersion = 10.0.40219.1
Project("{9A19103F-16F7-4668-BE54-9A1E7A4F7556}") = "App.WebAPI", "App.WebAPI\App.WebAPI.csproj", "{A36C6E17-B134-4D66-AEAC-C79284B3BFEE}"
EndProject
Project("{2150E333-8FDC-42A3-9474-1A3956D46DE8}") = "1-Core", "1-Core", "{FD7BA801-C409-4C3D-AF08-5711E1D3BB0F}"
EndProject
Project("{2150E333-8FDC-42A3-9474-1A3956D46DE8}") = "2-Domain", "2-Domain", "{B0896A62-77A3-4DE2-9A53-D5B3A1BC32CD}"
EndProject
Project("{2150E333-8FDC-42A3-9474-1A3956D46DE8}") = "3-Infrastructure", "3-Infrastructure", "{A0B7DBA0-5879-40DC-94F9-F7A378F740CC}"
EndProject
Project("{2150E333-8FDC-42A3-9474-1A3956D46DE8}") = "4-Services", "4-Services", "{BC016F81-C86F-4323-92DD-89CD8BB88D44}"
EndProject
Project("{2150E333-8FDC-42A3-9474-1A3956D46DE8}") = "5-EntryPoints", "5-EntryPoints", "{6F7215B7-A47D-43B2-8174-5639A3E705BA}"
EndProject
Project("{FAE04EC0-301F-11D3-BF4B-00C04F79EFBC}") = "Core", "Core\Core.csproj", "{3BC35D4A-6E70-4F84-8CDE-1CEC2226EB51}"
EndProject
Project("{FAE04EC0-301F-11D3-BF4B-00C04F79EFBC}") = "Domain", "Domain\Domain.csproj", "{F692625E-70D9-4CDC-A2C9-DC225A46180A}"
EndProject
Project("{FAE04EC0-301F-11D3-BF4B-00C04F79EFBC}") = "Infrastructure", "Infrastructure\Infrastructure.csproj", "{18922C0D-8557-4AAF-BDAA-20E41B24658F}"
EndProject
Project("{FAE04EC0-301F-11D3-BF4B-00C04F79EFBC}") = "Services", "Services\Services.csproj", "{B4203146-EF38-434B-B601-0FED071CD067}"
EndProject
Global
	GlobalSection(SolutionConfigurationPlatforms) = preSolution
		Debug|Any CPU = Debug|Any CPU
		Release|Any CPU = Release|Any CPU
	EndGlobalSection
	GlobalSection(ProjectConfigurationPlatforms) = postSolution
		{A36C6E17-B134-4D66-AEAC-C79284B3BFEE}.Debug|Any CPU.ActiveCfg = Debug|Any CPU
		{A36C6E17-B134-4D66-AEAC-C79284B3BFEE}.Debug|Any CPU.Build.0 = Debug|Any CPU
		{A36C6E17-B134-4D66-AEAC-C79284B3BFEE}.Release|Any CPU.ActiveCfg = Release|Any CPU
		{A36C6E17-B134-4D66-AEAC-C79284B3BFEE}.Release|Any CPU.Build.0 = Release|Any CPU
		{3BC35D4A-6E70-4F84-8CDE-1CEC2226EB51}.Debug|Any CPU.ActiveCfg = Debug|Any CPU
		{3BC35D4A-6E70-4F84-8CDE-1CEC2226EB51}.Debug|Any CPU.Build.0 = Debug|Any CPU
		{3BC35D4A-6E70-4F84-8CDE-1CEC2226EB51}.Release|Any CPU.ActiveCfg = Release|Any CPU
		{3BC35D4A-6E70-4F84-8CDE-1CEC2226EB51}.Release|Any CPU.Build.0 = Release|Any CPU
		{F692625E-70D9-4CDC-A2C9-DC225A46180A}.Debug|Any CPU.ActiveCfg = Debug|Any CPU
		{F692625E-70D9-4CDC-A2C9-DC225A46180A}.Debug|Any CPU.Build.0 = Debug|Any CPU
		{F692625E-70D9-4CDC-A2C9-DC225A46180A}.Release|Any CPU.ActiveCfg = Release|Any CPU
		{F692625E-70D9-4CDC-A2C9-DC225A46180A}.Release|Any CPU.Build.0 = Release|Any CPU
		{18922C0D-8557-4AAF-BDAA-20E41B24658F}.Debug|Any CPU.ActiveCfg = Debug|Any CPU
		{18922C0D-8557-4AAF-BDAA-20E41B24658F}.Debug|Any CPU.Build.0 = Debug|Any CPU
		{18922C0D-8557-4AAF-BDAA-20E41B24658F}.Release|Any CPU.ActiveCfg = Release|Any CPU
		{18922C0D-8557-4AAF-BDAA-20E41B24658F}.Release|Any CPU.Build.0 = Release|Any CPU
		{B4203146-EF38-434B-B601-0FED071CD067}.Debug|Any CPU.ActiveCfg = Debug|Any CPU
		{B4203146-EF38-434B-B601-0FED071CD067}.Debug|Any CPU.Build.0 = Debug|Any CPU
		{B4203146-EF38-434B-B601-0FED071CD067}.Release|Any CPU.ActiveCfg = Release|Any CPU
		{B4203146-EF38-434B-B601-0FED071CD067}.Release|Any CPU.Build.0 = Release|Any CPU
	EndGlobalSection
	GlobalSection(SolutionProperties) = preSolution
		HideSolutionNode = FALSE
	EndGlobalSection
	GlobalSection(NestedProjects) = preSolution
		{A36C6E17-B134-4D66-AEAC-C79284B3BFEE} = {6F7215B7-A47D-43B2-8174-5639A3E705BA}
		{3BC35D4A-6E70-4F84-8CDE-1CEC2226EB51} = {FD7BA801-C409-4C3D-AF08-5711E1D3BB0F}
		{F692625E-70D9-4CDC-A2C9-DC225A46180A} = {B0896A62-77A3-4DE2-9A53-D5B3A1BC32CD}
		{18922C0D-8557-4AAF-BDAA-20E41B24658F} = {A0B7DBA0-5879-40DC-94F9-F7A378F740CC}
		{B4203146-EF38-434B-B601-0FED071CD067} = {BC016F81-C86F-4323-92DD-89CD8BB88D44}
	EndGlobalSection
	GlobalSection(ExtensibilityGlobals) = postSolution
		SolutionGuid = {243AFA4F-41EC-4F7B-BDCB-8F522C0A4121}
	EndGlobalSection
EndGlobal
